// !$*UTF8*$!
{
	archiveVersion = 1;
	classes = {
	};
	objectVersion = 46;
	objects = {

/* Begin PBXBuildFile section */
		062E712B1D2B76C200EB3DF3 /* AppDelegate.m in Sources */ = {isa = PBXBuildFile; fileRef = 062E712A1D2B76C200EB3DF3 /* AppDelegate.m */; };
		1D8C6A281D22163500BB5697 /* main.m in Sources */ = {isa = PBXBuildFile; fileRef = 1D8C6A271D22163500BB5697 /* main.m */; };
		1D8C6A2E1D22163500BB5697 /* ViewController.m in Sources */ = {isa = PBXBuildFile; fileRef = 1D8C6A2D1D22163500BB5697 /* ViewController.m */; };
		1D8C6A311D22163500BB5697 /* Main.storyboard in Resources */ = {isa = PBXBuildFile; fileRef = 1D8C6A2F1D22163500BB5697 /* Main.storyboard */; };
		1D8C6A331D22163500BB5697 /* Assets.xcassets in Resources */ = {isa = PBXBuildFile; fileRef = 1D8C6A321D22163500BB5697 /* Assets.xcassets */; };
		1D8C6A361D22163500BB5697 /* LaunchScreen.storyboard in Resources */ = {isa = PBXBuildFile; fileRef = 1D8C6A341D22163500BB5697 /* LaunchScreen.storyboard */; };
		1D8C6A411D22163500BB5697 /* HackerspaceTests.m in Sources */ = {isa = PBXBuildFile; fileRef = 1D8C6A401D22163500BB5697 /* HackerspaceTests.m */; };
		1D8C6A4C1D22163600BB5697 /* HackerspaceUITests.m in Sources */ = {isa = PBXBuildFile; fileRef = 1D8C6A4B1D22163600BB5697 /* HackerspaceUITests.m */; };
		1D8C6A791D222F5500BB5697 /* FourViewController.m in Sources */ = {isa = PBXBuildFile; fileRef = 1D8C6A5D1D222F5500BB5697 /* FourViewController.m */; };
		1D8C6A7A1D222F5500BB5697 /* OneViewController.m in Sources */ = {isa = PBXBuildFile; fileRef = 1D8C6A601D222F5500BB5697 /* OneViewController.m */; };
		1D8C6A7B1D222F5500BB5697 /* ThreeViewController.m in Sources */ = {isa = PBXBuildFile; fileRef = 1D8C6A631D222F5500BB5697 /* ThreeViewController.m */; };
		1D8C6A7C1D222F5500BB5697 /* TwoViewController.m in Sources */ = {isa = PBXBuildFile; fileRef = 1D8C6A661D222F5500BB5697 /* TwoViewController.m */; };
		1D8C6A7D1D222F5500BB5697 /* BaseViewController.m in Sources */ = {isa = PBXBuildFile; fileRef = 1D8C6A6C1D222F5500BB5697 /* BaseViewController.m */; };
		1D8C6A7E1D222F5500BB5697 /* BaseViewController.xib in Resources */ = {isa = PBXBuildFile; fileRef = 1D8C6A6D1D222F5500BB5697 /* BaseViewController.xib */; };
		1D8C6A7F1D222F5500BB5697 /* mainViewController.m in Sources */ = {isa = PBXBuildFile; fileRef = 1D8C6A6F1D222F5500BB5697 /* mainViewController.m */; };
		1D8C6A821D222F5500BB5697 /* untilisTool.m in Sources */ = {isa = PBXBuildFile; fileRef = 1D8C6A781D222F5500BB5697 /* untilisTool.m */; };
		1D8C6A871D225CA100BB5697 /* MBaseCell.m in Sources */ = {isa = PBXBuildFile; fileRef = 1D8C6A861D225CA100BB5697 /* MBaseCell.m */; };
		43F7A23DB18AB6920E0D3099 /* libPods-Hackerspace.a in Frameworks */ = {isa = PBXBuildFile; fileRef = 4C8D856AE6E5A8588217D9AA /* libPods-Hackerspace.a */; };
		E82017231D421D3700D98D92 /* AFDownloadRequestOperation.m in Sources */ = {isa = PBXBuildFile; fileRef = E820171E1D421D3700D98D92 /* AFDownloadRequestOperation.m */; };
		E82017241D421D3700D98D92 /* DownloadTask.m in Sources */ = {isa = PBXBuildFile; fileRef = E82017201D421D3700D98D92 /* DownloadTask.m */; };
		E82017251D421D3700D98D92 /* Networking.m in Sources */ = {isa = PBXBuildFile; fileRef = E82017221D421D3700D98D92 /* Networking.m */; };
		E86A4D131D46122F00FD7D68 /* LBLaunchImageAdView.m in Sources */ = {isa = PBXBuildFile; fileRef = E86A4D121D46122F00FD7D68 /* LBLaunchImageAdView.m */; };
		E898663D1D47537A00C5F301 /* ParallaxHeaderView.m in Sources */ = {isa = PBXBuildFile; fileRef = E898663C1D47537A00C5F301 /* ParallaxHeaderView.m */; };
		E89866401D4753A700C5F301 /* UIImage+ImageEffects.m in Sources */ = {isa = PBXBuildFile; fileRef = E898663F1D4753A700C5F301 /* UIImage+ImageEffects.m */; };
		E89866471D47559900C5F301 /* PersonalInfoViewController.m in Sources */ = {isa = PBXBuildFile; fileRef = E89866461D47559900C5F301 /* PersonalInfoViewController.m */; };
/* End PBXBuildFile section */

/* Begin PBXContainerItemProxy section */
		1D8C6A3D1D22163500BB5697 /* PBXContainerItemProxy */ = {
			isa = PBXContainerItemProxy;
			containerPortal = 1D8C6A1B1D22163500BB5697 /* Project object */;
			proxyType = 1;
			remoteGlobalIDString = 1D8C6A221D22163500BB5697;
			remoteInfo = Hackerspace;
		};
		1D8C6A481D22163600BB5697 /* PBXContainerItemProxy */ = {
			isa = PBXContainerItemProxy;
			containerPortal = 1D8C6A1B1D22163500BB5697 /* Project object */;
			proxyType = 1;
			remoteGlobalIDString = 1D8C6A221D22163500BB5697;
			remoteInfo = Hackerspace;
		};
/* End PBXContainerItemProxy section */

/* Begin PBXFileReference section */
		062E71291D2B76C200EB3DF3 /* AppDelegate.h */ = {isa = PBXFileReference; fileEncoding = 4; lastKnownFileType = sourcecode.c.h; name = AppDelegate.h; path = Hackerspace/AppDelegate.h; sourceTree = SOURCE_ROOT; };
		062E712A1D2B76C200EB3DF3 /* AppDelegate.m */ = {isa = PBXFileReference; fileEncoding = 4; lastKnownFileType = sourcecode.c.objc; name = AppDelegate.m; path = Hackerspace/AppDelegate.m; sourceTree = SOURCE_ROOT; };
		06FB89E7120AF1BA5DC73702 /* Pods-Hackerspace.release.xcconfig */ = {isa = PBXFileReference; includeInIndex = 1; lastKnownFileType = text.xcconfig; name = "Pods-Hackerspace.release.xcconfig"; path = "Pods/Target Support Files/Pods-Hackerspace/Pods-Hackerspace.release.xcconfig"; sourceTree = "<group>"; };
		1D8C6A231D22163500BB5697 /* Hackerspace.app */ = {isa = PBXFileReference; explicitFileType = wrapper.application; includeInIndex = 0; path = Hackerspace.app; sourceTree = BUILT_PRODUCTS_DIR; };
		1D8C6A271D22163500BB5697 /* main.m */ = {isa = PBXFileReference; lastKnownFileType = sourcecode.c.objc; path = main.m; sourceTree = "<group>"; };
		1D8C6A2C1D22163500BB5697 /* ViewController.h */ = {isa = PBXFileReference; lastKnownFileType = sourcecode.c.h; name = ViewController.h; path = ../ViewController.h; sourceTree = "<group>"; };
		1D8C6A2D1D22163500BB5697 /* ViewController.m */ = {isa = PBXFileReference; lastKnownFileType = sourcecode.c.objc; name = ViewController.m; path = ../ViewController.m; sourceTree = "<group>"; };
		1D8C6A301D22163500BB5697 /* Base */ = {isa = PBXFileReference; lastKnownFileType = file.storyboard; name = Base; path = Base.lproj/Main.storyboard; sourceTree = "<group>"; };
		1D8C6A321D22163500BB5697 /* Assets.xcassets */ = {isa = PBXFileReference; lastKnownFileType = folder.assetcatalog; path = Assets.xcassets; sourceTree = "<group>"; };
		1D8C6A351D22163500BB5697 /* Base */ = {isa = PBXFileReference; lastKnownFileType = file.storyboard; name = Base; path = Base.lproj/LaunchScreen.storyboard; sourceTree = "<group>"; };
		1D8C6A371D22163500BB5697 /* Info.plist */ = {isa = PBXFileReference; lastKnownFileType = text.plist.xml; path = Info.plist; sourceTree = "<group>"; };
		1D8C6A3C1D22163500BB5697 /* HackerspaceTests.xctest */ = {isa = PBXFileReference; explicitFileType = wrapper.cfbundle; includeInIndex = 0; path = HackerspaceTests.xctest; sourceTree = BUILT_PRODUCTS_DIR; };
		1D8C6A401D22163500BB5697 /* HackerspaceTests.m */ = {isa = PBXFileReference; lastKnownFileType = sourcecode.c.objc; path = HackerspaceTests.m; sourceTree = "<group>"; };
		1D8C6A421D22163500BB5697 /* Info.plist */ = {isa = PBXFileReference; lastKnownFileType = text.plist.xml; path = Info.plist; sourceTree = "<group>"; };
		1D8C6A471D22163600BB5697 /* HackerspaceUITests.xctest */ = {isa = PBXFileReference; explicitFileType = wrapper.cfbundle; includeInIndex = 0; path = HackerspaceUITests.xctest; sourceTree = BUILT_PRODUCTS_DIR; };
		1D8C6A4B1D22163600BB5697 /* HackerspaceUITests.m */ = {isa = PBXFileReference; lastKnownFileType = sourcecode.c.objc; path = HackerspaceUITests.m; sourceTree = "<group>"; };
		1D8C6A4D1D22163600BB5697 /* Info.plist */ = {isa = PBXFileReference; lastKnownFileType = text.plist.xml; path = Info.plist; sourceTree = "<group>"; };
		1D8C6A5C1D222F5500BB5697 /* FourViewController.h */ = {isa = PBXFileReference; fileEncoding = 4; lastKnownFileType = sourcecode.c.h; path = FourViewController.h; sourceTree = "<group>"; };
		1D8C6A5D1D222F5500BB5697 /* FourViewController.m */ = {isa = PBXFileReference; fileEncoding = 4; lastKnownFileType = sourcecode.c.objc; path = FourViewController.m; sourceTree = "<group>"; };
		1D8C6A5F1D222F5500BB5697 /* OneViewController.h */ = {isa = PBXFileReference; fileEncoding = 4; lastKnownFileType = sourcecode.c.h; path = OneViewController.h; sourceTree = "<group>"; };
		1D8C6A601D222F5500BB5697 /* OneViewController.m */ = {isa = PBXFileReference; fileEncoding = 4; lastKnownFileType = sourcecode.c.objc; path = OneViewController.m; sourceTree = "<group>"; };
		1D8C6A621D222F5500BB5697 /* ThreeViewController.h */ = {isa = PBXFileReference; fileEncoding = 4; lastKnownFileType = sourcecode.c.h; path = ThreeViewController.h; sourceTree = "<group>"; };
		1D8C6A631D222F5500BB5697 /* ThreeViewController.m */ = {isa = PBXFileReference; fileEncoding = 4; lastKnownFileType = sourcecode.c.objc; path = ThreeViewController.m; sourceTree = "<group>"; };
		1D8C6A651D222F5500BB5697 /* TwoViewController.h */ = {isa = PBXFileReference; fileEncoding = 4; lastKnownFileType = sourcecode.c.h; path = TwoViewController.h; sourceTree = "<group>"; };
		1D8C6A661D222F5500BB5697 /* TwoViewController.m */ = {isa = PBXFileReference; fileEncoding = 4; lastKnownFileType = sourcecode.c.objc; path = TwoViewController.m; sourceTree = "<group>"; };
		1D8C6A681D222F5500BB5697 /* utilisDefine.h */ = {isa = PBXFileReference; fileEncoding = 4; lastKnownFileType = sourcecode.c.h; path = utilisDefine.h; sourceTree = "<group>"; };
		1D8C6A6B1D222F5500BB5697 /* BaseViewController.h */ = {isa = PBXFileReference; fileEncoding = 4; lastKnownFileType = sourcecode.c.h; path = BaseViewController.h; sourceTree = "<group>"; };
		1D8C6A6C1D222F5500BB5697 /* BaseViewController.m */ = {isa = PBXFileReference; fileEncoding = 4; lastKnownFileType = sourcecode.c.objc; path = BaseViewController.m; sourceTree = "<group>"; };
		1D8C6A6D1D222F5500BB5697 /* BaseViewController.xib */ = {isa = PBXFileReference; fileEncoding = 4; lastKnownFileType = file.xib; path = BaseViewController.xib; sourceTree = "<group>"; };
		1D8C6A6E1D222F5500BB5697 /* mainViewController.h */ = {isa = PBXFileReference; fileEncoding = 4; lastKnownFileType = sourcecode.c.h; path = mainViewController.h; sourceTree = "<group>"; };
		1D8C6A6F1D222F5500BB5697 /* mainViewController.m */ = {isa = PBXFileReference; fileEncoding = 4; lastKnownFileType = sourcecode.c.objc; path = mainViewController.m; sourceTree = "<group>"; };
		1D8C6A771D222F5500BB5697 /* untilisTool.h */ = {isa = PBXFileReference; fileEncoding = 4; lastKnownFileType = sourcecode.c.h; path = untilisTool.h; sourceTree = "<group>"; };
		1D8C6A781D222F5500BB5697 /* untilisTool.m */ = {isa = PBXFileReference; fileEncoding = 4; lastKnownFileType = sourcecode.c.objc; path = untilisTool.m; sourceTree = "<group>"; };
		1D8C6A831D22305400BB5697 /* Hackerspace-Prefix.pch */ = {isa = PBXFileReference; lastKnownFileType = sourcecode.c.h; path = "Hackerspace-Prefix.pch"; sourceTree = "<group>"; };
		1D8C6A851D225CA100BB5697 /* MBaseCell.h */ = {isa = PBXFileReference; fileEncoding = 4; lastKnownFileType = sourcecode.c.h; path = MBaseCell.h; sourceTree = "<group>"; };
		1D8C6A861D225CA100BB5697 /* MBaseCell.m */ = {isa = PBXFileReference; fileEncoding = 4; lastKnownFileType = sourcecode.c.objc; path = MBaseCell.m; sourceTree = "<group>"; };
		4C8D856AE6E5A8588217D9AA /* libPods-Hackerspace.a */ = {isa = PBXFileReference; explicitFileType = archive.ar; includeInIndex = 0; path = "libPods-Hackerspace.a"; sourceTree = BUILT_PRODUCTS_DIR; };
		E820171D1D421D3700D98D92 /* AFDownloadRequestOperation.h */ = {isa = PBXFileReference; fileEncoding = 4; lastKnownFileType = sourcecode.c.h; path = AFDownloadRequestOperation.h; sourceTree = "<group>"; };
		E820171E1D421D3700D98D92 /* AFDownloadRequestOperation.m */ = {isa = PBXFileReference; fileEncoding = 4; lastKnownFileType = sourcecode.c.objc; path = AFDownloadRequestOperation.m; sourceTree = "<group>"; };
		E820171F1D421D3700D98D92 /* DownloadTask.h */ = {isa = PBXFileReference; fileEncoding = 4; lastKnownFileType = sourcecode.c.h; path = DownloadTask.h; sourceTree = "<group>"; };
		E82017201D421D3700D98D92 /* DownloadTask.m */ = {isa = PBXFileReference; fileEncoding = 4; lastKnownFileType = sourcecode.c.objc; path = DownloadTask.m; sourceTree = "<group>"; };
		E82017211D421D3700D98D92 /* Networking.h */ = {isa = PBXFileReference; fileEncoding = 4; lastKnownFileType = sourcecode.c.h; path = Networking.h; sourceTree = "<group>"; };
		E82017221D421D3700D98D92 /* Networking.m */ = {isa = PBXFileReference; fileEncoding = 4; lastKnownFileType = sourcecode.c.objc; path = Networking.m; sourceTree = "<group>"; };
		E86A4D111D46122F00FD7D68 /* LBLaunchImageAdView.h */ = {isa = PBXFileReference; fileEncoding = 4; lastKnownFileType = sourcecode.c.h; path = LBLaunchImageAdView.h; sourceTree = "<group>"; };
		E86A4D121D46122F00FD7D68 /* LBLaunchImageAdView.m */ = {isa = PBXFileReference; fileEncoding = 4; lastKnownFileType = sourcecode.c.objc; path = LBLaunchImageAdView.m; sourceTree = "<group>"; };
		E898663B1D47537A00C5F301 /* ParallaxHeaderView.h */ = {isa = PBXFileReference; fileEncoding = 4; lastKnownFileType = sourcecode.c.h; path = ParallaxHeaderView.h; sourceTree = "<group>"; };
		E898663C1D47537A00C5F301 /* ParallaxHeaderView.m */ = {isa = PBXFileReference; fileEncoding = 4; lastKnownFileType = sourcecode.c.objc; path = ParallaxHeaderView.m; sourceTree = "<group>"; };
		E898663E1D4753A700C5F301 /* UIImage+ImageEffects.h */ = {isa = PBXFileReference; fileEncoding = 4; lastKnownFileType = sourcecode.c.h; path = "UIImage+ImageEffects.h"; sourceTree = "<group>"; };
		E898663F1D4753A700C5F301 /* UIImage+ImageEffects.m */ = {isa = PBXFileReference; fileEncoding = 4; lastKnownFileType = sourcecode.c.objc; path = "UIImage+ImageEffects.m"; sourceTree = "<group>"; };
		E89866451D47559900C5F301 /* PersonalInfoViewController.h */ = {isa = PBXFileReference; fileEncoding = 4; lastKnownFileType = sourcecode.c.h; path = PersonalInfoViewController.h; sourceTree = "<group>"; };
		E89866461D47559900C5F301 /* PersonalInfoViewController.m */ = {isa = PBXFileReference; fileEncoding = 4; lastKnownFileType = sourcecode.c.objc; path = PersonalInfoViewController.m; sourceTree = "<group>"; };
		E8F405E8BDD815BBA2366ADF /* Pods-Hackerspace.debug.xcconfig */ = {isa = PBXFileReference; includeInIndex = 1; lastKnownFileType = text.xcconfig; name = "Pods-Hackerspace.debug.xcconfig"; path = "Pods/Target Support Files/Pods-Hackerspace/Pods-Hackerspace.debug.xcconfig"; sourceTree = "<group>"; };
/* End PBXFileReference section */

/* Begin PBXFrameworksBuildPhase section */
		1D8C6A201D22163500BB5697 /* Frameworks */ = {
			isa = PBXFrameworksBuildPhase;
			buildActionMask = 2147483647;
			files = (
				43F7A23DB18AB6920E0D3099 /* libPods-Hackerspace.a in Frameworks */,
			);
			runOnlyForDeploymentPostprocessing = 0;
		};
		1D8C6A391D22163500BB5697 /* Frameworks */ = {
			isa = PBXFrameworksBuildPhase;
			buildActionMask = 2147483647;
			files = (
			);
			runOnlyForDeploymentPostprocessing = 0;
		};
		1D8C6A441D22163600BB5697 /* Frameworks */ = {
			isa = PBXFrameworksBuildPhase;
			buildActionMask = 2147483647;
			files = (
			);
			runOnlyForDeploymentPostprocessing = 0;
		};
/* End PBXFrameworksBuildPhase section */

/* Begin PBXGroup section */
		1D8C6A1A1D22163500BB5697 = {
			isa = PBXGroup;
			children = (
				1D8C6A251D22163500BB5697 /* Hackerspace */,
				1D8C6A3F1D22163500BB5697 /* HackerspaceTests */,
				1D8C6A4A1D22163600BB5697 /* HackerspaceUITests */,
				1D8C6A241D22163500BB5697 /* Products */,
				35CAD46086CF9343EA59E1FA /* Pods */,
				8ED1045E7265C108A63313B7 /* Frameworks */,
			);
			sourceTree = "<group>";
		};
		1D8C6A241D22163500BB5697 /* Products */ = {
			isa = PBXGroup;
			children = (
				1D8C6A231D22163500BB5697 /* Hackerspace.app */,
				1D8C6A3C1D22163500BB5697 /* HackerspaceTests.xctest */,
				1D8C6A471D22163600BB5697 /* HackerspaceUITests.xctest */,
			);
			name = Products;
			sourceTree = "<group>";
		};
		1D8C6A251D22163500BB5697 /* Hackerspace */ = {
			isa = PBXGroup;
			children = (
				1D8C6A591D222F5500BB5697 /* Application */,
				1D8C6A5A1D222F5500BB5697 /* business */,
				1D8C6A671D222F5500BB5697 /* constant */,
				1D8C6A691D222F5500BB5697 /* controller */,
				1D8C6A701D222F5500BB5697 /* model */,
				1D8C6A711D222F5500BB5697 /* netWork */,
				1D8C6A761D222F5500BB5697 /* tool */,
				1D8C6A2F1D22163500BB5697 /* Main.storyboard */,
				1D8C6A321D22163500BB5697 /* Assets.xcassets */,
				1D8C6A341D22163500BB5697 /* LaunchScreen.storyboard */,
				1D8C6A371D22163500BB5697 /* Info.plist */,
				1D8C6A261D22163500BB5697 /* Supporting Files */,
			);
			path = Hackerspace;
			sourceTree = "<group>";
		};
		1D8C6A261D22163500BB5697 /* Supporting Files */ = {
			isa = PBXGroup;
			children = (
				1D8C6A271D22163500BB5697 /* main.m */,
				1D8C6A831D22305400BB5697 /* Hackerspace-Prefix.pch */,
			);
			name = "Supporting Files";
			sourceTree = "<group>";
		};
		1D8C6A3F1D22163500BB5697 /* HackerspaceTests */ = {
			isa = PBXGroup;
			children = (
				1D8C6A401D22163500BB5697 /* HackerspaceTests.m */,
				1D8C6A421D22163500BB5697 /* Info.plist */,
			);
			path = HackerspaceTests;
			sourceTree = "<group>";
		};
		1D8C6A4A1D22163600BB5697 /* HackerspaceUITests */ = {
			isa = PBXGroup;
			children = (
				1D8C6A4B1D22163600BB5697 /* HackerspaceUITests.m */,
				1D8C6A4D1D22163600BB5697 /* Info.plist */,
			);
			path = HackerspaceUITests;
			sourceTree = "<group>";
		};
		1D8C6A591D222F5500BB5697 /* Application */ = {
			isa = PBXGroup;
			children = (
				062E71291D2B76C200EB3DF3 /* AppDelegate.h */,
				062E712A1D2B76C200EB3DF3 /* AppDelegate.m */,
			);
			path = Application;
			sourceTree = "<group>";
		};
		1D8C6A5A1D222F5500BB5697 /* business */ = {
			isa = PBXGroup;
			children = (
				1D8C6A5B1D222F5500BB5697 /* four */,
				1D8C6A5E1D222F5500BB5697 /* one */,
				1D8C6A611D222F5500BB5697 /* three */,
				1D8C6A641D222F5500BB5697 /* two */,
			);
			path = business;
			sourceTree = "<group>";
		};
		1D8C6A5B1D222F5500BB5697 /* four */ = {
			isa = PBXGroup;
			children = (
				E89866411D47550700C5F301 /* personalinfo */,
				1D8C6A5C1D222F5500BB5697 /* FourViewController.h */,
				1D8C6A5D1D222F5500BB5697 /* FourViewController.m */,
			);
			path = four;
			sourceTree = "<group>";
		};
		1D8C6A5E1D222F5500BB5697 /* one */ = {
			isa = PBXGroup;
			children = (
				1D8C6A841D2255D500BB5697 /* cell */,
				1D8C6A5F1D222F5500BB5697 /* OneViewController.h */,
				1D8C6A601D222F5500BB5697 /* OneViewController.m */,
			);
			path = one;
			sourceTree = "<group>";
		};
		1D8C6A611D222F5500BB5697 /* three */ = {
			isa = PBXGroup;
			children = (
				1D8C6A621D222F5500BB5697 /* ThreeViewController.h */,
				1D8C6A631D222F5500BB5697 /* ThreeViewController.m */,
			);
			path = three;
			sourceTree = "<group>";
		};
		1D8C6A641D222F5500BB5697 /* two */ = {
			isa = PBXGroup;
			children = (
				1D8C6A651D222F5500BB5697 /* TwoViewController.h */,
				1D8C6A661D222F5500BB5697 /* TwoViewController.m */,
			);
			path = two;
			sourceTree = "<group>";
		};
		1D8C6A671D222F5500BB5697 /* constant */ = {
			isa = PBXGroup;
			children = (
				1D8C6A681D222F5500BB5697 /* utilisDefine.h */,
			);
			path = constant;
			sourceTree = "<group>";
		};
		1D8C6A691D222F5500BB5697 /* controller */ = {
			isa = PBXGroup;
			children = (
				1D8C6A2C1D22163500BB5697 /* ViewController.h */,
				1D8C6A2D1D22163500BB5697 /* ViewController.m */,
				1D8C6A6A1D222F5500BB5697 /* baseController */,
				1D8C6A6E1D222F5500BB5697 /* mainViewController.h */,
				1D8C6A6F1D222F5500BB5697 /* mainViewController.m */,
			);
			path = controller;
			sourceTree = "<group>";
		};
		1D8C6A6A1D222F5500BB5697 /* baseController */ = {
			isa = PBXGroup;
			children = (
				1D8C6A6B1D222F5500BB5697 /* BaseViewController.h */,
				1D8C6A6C1D222F5500BB5697 /* BaseViewController.m */,
				1D8C6A6D1D222F5500BB5697 /* BaseViewController.xib */,
			);
			path = baseController;
			sourceTree = "<group>";
		};
		1D8C6A701D222F5500BB5697 /* model */ = {
			isa = PBXGroup;
			children = (
			);
			path = model;
			sourceTree = "<group>";
		};
		1D8C6A711D222F5500BB5697 /* netWork */ = {
			isa = PBXGroup;
			children = (
				E820171C1D421D3700D98D92 /* Networking */,
			);
			path = netWork;
			sourceTree = "<group>";
		};
		1D8C6A761D222F5500BB5697 /* tool */ = {
			isa = PBXGroup;
			children = (
				E898663A1D47536500C5F301 /* ParallaxHeaderView */,
				E86A4D101D46122F00FD7D68 /* LBLaunchImageAd */,
				1D8C6A771D222F5500BB5697 /* untilisTool.h */,
				1D8C6A781D222F5500BB5697 /* untilisTool.m */,
			);
			path = tool;
			sourceTree = "<group>";
		};
		1D8C6A841D2255D500BB5697 /* cell */ = {
			isa = PBXGroup;
			children = (
				1D8C6A851D225CA100BB5697 /* MBaseCell.h */,
				1D8C6A861D225CA100BB5697 /* MBaseCell.m */,
			);
			path = cell;
			sourceTree = "<group>";
		};
		35CAD46086CF9343EA59E1FA /* Pods */ = {
			isa = PBXGroup;
			children = (
				E8F405E8BDD815BBA2366ADF /* Pods-Hackerspace.debug.xcconfig */,
				06FB89E7120AF1BA5DC73702 /* Pods-Hackerspace.release.xcconfig */,
			);
			name = Pods;
			sourceTree = "<group>";
		};
		8ED1045E7265C108A63313B7 /* Frameworks */ = {
			isa = PBXGroup;
			children = (
				4C8D856AE6E5A8588217D9AA /* libPods-Hackerspace.a */,
			);
			name = Frameworks;
			sourceTree = "<group>";
		};
		E820171C1D421D3700D98D92 /* Networking */ = {
			isa = PBXGroup;
			children = (
				E820171D1D421D3700D98D92 /* AFDownloadRequestOperation.h */,
				E820171E1D421D3700D98D92 /* AFDownloadRequestOperation.m */,
				E820171F1D421D3700D98D92 /* DownloadTask.h */,
				E82017201D421D3700D98D92 /* DownloadTask.m */,
				E82017211D421D3700D98D92 /* Networking.h */,
				E82017221D421D3700D98D92 /* Networking.m */,
			);
			path = Networking;
			sourceTree = "<group>";
		};
		E86A4D101D46122F00FD7D68 /* LBLaunchImageAd */ = {
			isa = PBXGroup;
			children = (
				E86A4D111D46122F00FD7D68 /* LBLaunchImageAdView.h */,
				E86A4D121D46122F00FD7D68 /* LBLaunchImageAdView.m */,
			);
			path = LBLaunchImageAd;
			sourceTree = "<group>";
		};
		E898663A1D47536500C5F301 /* ParallaxHeaderView */ = {
			isa = PBXGroup;
			children = (
				E898663E1D4753A700C5F301 /* UIImage+ImageEffects.h */,
				E898663F1D4753A700C5F301 /* UIImage+ImageEffects.m */,
				E898663B1D47537A00C5F301 /* ParallaxHeaderView.h */,
				E898663C1D47537A00C5F301 /* ParallaxHeaderView.m */,
			);
			path = ParallaxHeaderView;
			sourceTree = "<group>";
		};
		E89866411D47550700C5F301 /* personalinfo */ = {
			isa = PBXGroup;
			children = (
				E89866451D47559900C5F301 /* PersonalInfoViewController.h */,
				E89866461D47559900C5F301 /* PersonalInfoViewController.m */,
			);
			path = personalinfo;
			sourceTree = "<group>";
		};
/* End PBXGroup section */

/* Begin PBXNativeTarget section */
		1D8C6A221D22163500BB5697 /* Hackerspace */ = {
			isa = PBXNativeTarget;
			buildConfigurationList = 1D8C6A501D22163600BB5697 /* Build configuration list for PBXNativeTarget "Hackerspace" */;
			buildPhases = (
				DE005CDC78470F7F83FB3171 /* 📦 Check Pods Manifest.lock */,
				1D8C6A1F1D22163500BB5697 /* Sources */,
				1D8C6A201D22163500BB5697 /* Frameworks */,
				1D8C6A211D22163500BB5697 /* Resources */,
				CF45492E25A479BEFA44BDE5 /* 📦 Embed Pods Frameworks */,
				8B9141BF87F71AD5DFA52093 /* 📦 Copy Pods Resources */,
			);
			buildRules = (
			);
			dependencies = (
			);
			name = Hackerspace;
			productName = Hackerspace;
			productReference = 1D8C6A231D22163500BB5697 /* Hackerspace.app */;
			productType = "com.apple.product-type.application";
		};
		1D8C6A3B1D22163500BB5697 /* HackerspaceTests */ = {
			isa = PBXNativeTarget;
			buildConfigurationList = 1D8C6A531D22163600BB5697 /* Build configuration list for PBXNativeTarget "HackerspaceTests" */;
			buildPhases = (
				1D8C6A381D22163500BB5697 /* Sources */,
				1D8C6A391D22163500BB5697 /* Frameworks */,
				1D8C6A3A1D22163500BB5697 /* Resources */,
			);
			buildRules = (
			);
			dependencies = (
				1D8C6A3E1D22163500BB5697 /* PBXTargetDependency */,
			);
			name = HackerspaceTests;
			productName = HackerspaceTests;
			productReference = 1D8C6A3C1D22163500BB5697 /* HackerspaceTests.xctest */;
			productType = "com.apple.product-type.bundle.unit-test";
		};
		1D8C6A461D22163600BB5697 /* HackerspaceUITests */ = {
			isa = PBXNativeTarget;
			buildConfigurationList = 1D8C6A561D22163600BB5697 /* Build configuration list for PBXNativeTarget "HackerspaceUITests" */;
			buildPhases = (
				1D8C6A431D22163600BB5697 /* Sources */,
				1D8C6A441D22163600BB5697 /* Frameworks */,
				1D8C6A451D22163600BB5697 /* Resources */,
			);
			buildRules = (
			);
			dependencies = (
				1D8C6A491D22163600BB5697 /* PBXTargetDependency */,
			);
			name = HackerspaceUITests;
			productName = HackerspaceUITests;
			productReference = 1D8C6A471D22163600BB5697 /* HackerspaceUITests.xctest */;
			productType = "com.apple.product-type.bundle.ui-testing";
		};
/* End PBXNativeTarget section */

/* Begin PBXProject section */
		1D8C6A1B1D22163500BB5697 /* Project object */ = {
			isa = PBXProject;
			attributes = {
				LastUpgradeCheck = 0730;
				ORGANIZATIONNAME = wangyy;
				TargetAttributes = {
					1D8C6A221D22163500BB5697 = {
						CreatedOnToolsVersion = 7.3;
						DevelopmentTeam = 52F62QD5HL;
					};
					1D8C6A3B1D22163500BB5697 = {
						CreatedOnToolsVersion = 7.3;
						TestTargetID = 1D8C6A221D22163500BB5697;
					};
					1D8C6A461D22163600BB5697 = {
						CreatedOnToolsVersion = 7.3;
						TestTargetID = 1D8C6A221D22163500BB5697;
					};
				};
			};
			buildConfigurationList = 1D8C6A1E1D22163500BB5697 /* Build configuration list for PBXProject "Hackerspace" */;
			compatibilityVersion = "Xcode 3.2";
			developmentRegion = English;
			hasScannedForEncodings = 0;
			knownRegions = (
				en,
				Base,
			);
			mainGroup = 1D8C6A1A1D22163500BB5697;
			productRefGroup = 1D8C6A241D22163500BB5697 /* Products */;
			projectDirPath = "";
			projectRoot = "";
			targets = (
				1D8C6A221D22163500BB5697 /* Hackerspace */,
				1D8C6A3B1D22163500BB5697 /* HackerspaceTests */,
				1D8C6A461D22163600BB5697 /* HackerspaceUITests */,
			);
		};
/* End PBXProject section */

/* Begin PBXResourcesBuildPhase section */
		1D8C6A211D22163500BB5697 /* Resources */ = {
			isa = PBXResourcesBuildPhase;
			buildActionMask = 2147483647;
			files = (
				1D8C6A361D22163500BB5697 /* LaunchScreen.storyboard in Resources */,
				1D8C6A7E1D222F5500BB5697 /* BaseViewController.xib in Resources */,
				1D8C6A331D22163500BB5697 /* Assets.xcassets in Resources */,
				1D8C6A311D22163500BB5697 /* Main.storyboard in Resources */,
			);
			runOnlyForDeploymentPostprocessing = 0;
		};
		1D8C6A3A1D22163500BB5697 /* Resources */ = {
			isa = PBXResourcesBuildPhase;
			buildActionMask = 2147483647;
			files = (
			);
			runOnlyForDeploymentPostprocessing = 0;
		};
		1D8C6A451D22163600BB5697 /* Resources */ = {
			isa = PBXResourcesBuildPhase;
			buildActionMask = 2147483647;
			files = (
			);
			runOnlyForDeploymentPostprocessing = 0;
		};
/* End PBXResourcesBuildPhase section */

/* Begin PBXShellScriptBuildPhase section */
		8B9141BF87F71AD5DFA52093 /* 📦 Copy Pods Resources */ = {
			isa = PBXShellScriptBuildPhase;
			buildActionMask = 2147483647;
			files = (
			);
			inputPaths = (
			);
			name = "📦 Copy Pods Resources";
			outputPaths = (
			);
			runOnlyForDeploymentPostprocessing = 0;
			shellPath = /bin/sh;
			shellScript = "\"${SRCROOT}/Pods/Target Support Files/Pods-Hackerspace/Pods-Hackerspace-resources.sh\"\n";
			showEnvVarsInLog = 0;
		};
		CF45492E25A479BEFA44BDE5 /* 📦 Embed Pods Frameworks */ = {
			isa = PBXShellScriptBuildPhase;
			buildActionMask = 2147483647;
			files = (
			);
			inputPaths = (
			);
			name = "📦 Embed Pods Frameworks";
			outputPaths = (
			);
			runOnlyForDeploymentPostprocessing = 0;
			shellPath = /bin/sh;
			shellScript = "\"${SRCROOT}/Pods/Target Support Files/Pods-Hackerspace/Pods-Hackerspace-frameworks.sh\"\n";
			showEnvVarsInLog = 0;
		};
		DE005CDC78470F7F83FB3171 /* 📦 Check Pods Manifest.lock */ = {
			isa = PBXShellScriptBuildPhase;
			buildActionMask = 2147483647;
			files = (
			);
			inputPaths = (
			);
			name = "📦 Check Pods Manifest.lock";
			outputPaths = (
			);
			runOnlyForDeploymentPostprocessing = 0;
			shellPath = /bin/sh;
			shellScript = "diff \"${PODS_ROOT}/../Podfile.lock\" \"${PODS_ROOT}/Manifest.lock\" > /dev/null\nif [[ $? != 0 ]] ; then\n    cat << EOM\nerror: The sandbox is not in sync with the Podfile.lock. Run 'pod install' or update your CocoaPods installation.\nEOM\n    exit 1\nfi\n";
			showEnvVarsInLog = 0;
		};
/* End PBXShellScriptBuildPhase section */

/* Begin PBXSourcesBuildPhase section */
		1D8C6A1F1D22163500BB5697 /* Sources */ = {
			isa = PBXSourcesBuildPhase;
			buildActionMask = 2147483647;
			files = (
				E86A4D131D46122F00FD7D68 /* LBLaunchImageAdView.m in Sources */,
				E82017241D421D3700D98D92 /* DownloadTask.m in Sources */,
				E82017231D421D3700D98D92 /* AFDownloadRequestOperation.m in Sources */,
				1D8C6A7C1D222F5500BB5697 /* TwoViewController.m in Sources */,
				E82017251D421D3700D98D92 /* Networking.m in Sources */,
				1D8C6A7D1D222F5500BB5697 /* BaseViewController.m in Sources */,
				E89866471D47559900C5F301 /* PersonalInfoViewController.m in Sources */,
				1D8C6A2E1D22163500BB5697 /* ViewController.m in Sources */,
				1D8C6A7A1D222F5500BB5697 /* OneViewController.m in Sources */,
				E898663D1D47537A00C5F301 /* ParallaxHeaderView.m in Sources */,
				1D8C6A821D222F5500BB5697 /* untilisTool.m in Sources */,
				062E712B1D2B76C200EB3DF3 /* AppDelegate.m in Sources */,
				1D8C6A7B1D222F5500BB5697 /* ThreeViewController.m in Sources */,
				1D8C6A7F1D222F5500BB5697 /* mainViewController.m in Sources */,
				1D8C6A791D222F5500BB5697 /* FourViewController.m in Sources */,
				1D8C6A871D225CA100BB5697 /* MBaseCell.m in Sources */,
				1D8C6A281D22163500BB5697 /* main.m in Sources */,
				E89866401D4753A700C5F301 /* UIImage+ImageEffects.m in Sources */,
			);
			runOnlyForDeploymentPostprocessing = 0;
		};
		1D8C6A381D22163500BB5697 /* Sources */ = {
			isa = PBXSourcesBuildPhase;
			buildActionMask = 2147483647;
			files = (
				1D8C6A411D22163500BB5697 /* HackerspaceTests.m in Sources */,
			);
			runOnlyForDeploymentPostprocessing = 0;
		};
		1D8C6A431D22163600BB5697 /* Sources */ = {
			isa = PBXSourcesBuildPhase;
			buildActionMask = 2147483647;
			files = (
				1D8C6A4C1D22163600BB5697 /* HackerspaceUITests.m in Sources */,
			);
			runOnlyForDeploymentPostprocessing = 0;
		};
/* End PBXSourcesBuildPhase section */

/* Begin PBXTargetDependency section */
		1D8C6A3E1D22163500BB5697 /* PBXTargetDependency */ = {
			isa = PBXTargetDependency;
			target = 1D8C6A221D22163500BB5697 /* Hackerspace */;
			targetProxy = 1D8C6A3D1D22163500BB5697 /* PBXContainerItemProxy */;
		};
		1D8C6A491D22163600BB5697 /* PBXTargetDependency */ = {
			isa = PBXTargetDependency;
			target = 1D8C6A221D22163500BB5697 /* Hackerspace */;
			targetProxy = 1D8C6A481D22163600BB5697 /* PBXContainerItemProxy */;
		};
/* End PBXTargetDependency section */

/* Begin PBXVariantGroup section */
		1D8C6A2F1D22163500BB5697 /* Main.storyboard */ = {
			isa = PBXVariantGroup;
			children = (
				1D8C6A301D22163500BB5697 /* Base */,
			);
			name = Main.storyboard;
			sourceTree = "<group>";
		};
		1D8C6A341D22163500BB5697 /* LaunchScreen.storyboard */ = {
			isa = PBXVariantGroup;
			children = (
				1D8C6A351D22163500BB5697 /* Base */,
			);
			name = LaunchScreen.storyboard;
			sourceTree = "<group>";
		};
/* End PBXVariantGroup section */

/* Begin XCBuildConfiguration section */
		1D8C6A4E1D22163600BB5697 /* Debug */ = {
			isa = XCBuildConfiguration;
			buildSettings = {
				ALWAYS_SEARCH_USER_PATHS = NO;
				CLANG_ANALYZER_NONNULL = YES;
				CLANG_CXX_LANGUAGE_STANDARD = "gnu++0x";
				CLANG_CXX_LIBRARY = "libc++";
				CLANG_ENABLE_MODULES = YES;
				CLANG_ENABLE_OBJC_ARC = YES;
				CLANG_WARN_BOOL_CONVERSION = YES;
				CLANG_WARN_CONSTANT_CONVERSION = YES;
				CLANG_WARN_DIRECT_OBJC_ISA_USAGE = YES_ERROR;
				CLANG_WARN_EMPTY_BODY = YES;
				CLANG_WARN_ENUM_CONVERSION = YES;
				CLANG_WARN_INT_CONVERSION = YES;
				CLANG_WARN_OBJC_ROOT_CLASS = YES_ERROR;
				CLANG_WARN_UNREACHABLE_CODE = YES;
				CLANG_WARN__DUPLICATE_METHOD_MATCH = YES;
				"CODE_SIGN_IDENTITY[sdk=iphoneos*]" = "iPhone Developer";
				COPY_PHASE_STRIP = NO;
				DEBUG_INFORMATION_FORMAT = dwarf;
				ENABLE_STRICT_OBJC_MSGSEND = YES;
				ENABLE_TESTABILITY = YES;
				GCC_C_LANGUAGE_STANDARD = gnu99;
				GCC_DYNAMIC_NO_PIC = NO;
				GCC_NO_COMMON_BLOCKS = YES;
				GCC_OPTIMIZATION_LEVEL = 0;
				GCC_PRECOMPILE_PREFIX_HEADER = YES;
				GCC_PREFIX_HEADER = "$(SRCROOT)/Hackerspace/Hackerspace-Prefix.pch";
				GCC_PREPROCESSOR_DEFINITIONS = (
					"DEBUG=1",
					"$(inherited)",
				);
				GCC_WARN_64_TO_32_BIT_CONVERSION = YES;
				GCC_WARN_ABOUT_RETURN_TYPE = YES_ERROR;
				GCC_WARN_UNDECLARED_SELECTOR = YES;
				GCC_WARN_UNINITIALIZED_AUTOS = YES_AGGRESSIVE;
				GCC_WARN_UNUSED_FUNCTION = YES;
				GCC_WARN_UNUSED_VARIABLE = YES;
				IPHONEOS_DEPLOYMENT_TARGET = 9.3;
				MTL_ENABLE_DEBUG_INFO = YES;
				ONLY_ACTIVE_ARCH = YES;
				SDKROOT = iphoneos;
				TARGETED_DEVICE_FAMILY = "1,2";
			};
			name = Debug;
		};
		1D8C6A4F1D22163600BB5697 /* Release */ = {
			isa = XCBuildConfiguration;
			buildSettings = {
				ALWAYS_SEARCH_USER_PATHS = NO;
				CLANG_ANALYZER_NONNULL = YES;
				CLANG_CXX_LANGUAGE_STANDARD = "gnu++0x";
				CLANG_CXX_LIBRARY = "libc++";
				CLANG_ENABLE_MODULES = YES;
				CLANG_ENABLE_OBJC_ARC = YES;
				CLANG_WARN_BOOL_CONVERSION = YES;
				CLANG_WARN_CONSTANT_CONVERSION = YES;
				CLANG_WARN_DIRECT_OBJC_ISA_USAGE = YES_ERROR;
				CLANG_WARN_EMPTY_BODY = YES;
				CLANG_WARN_ENUM_CONVERSION = YES;
				CLANG_WARN_INT_CONVERSION = YES;
				CLANG_WARN_OBJC_ROOT_CLASS = YES_ERROR;
				CLANG_WARN_UNREACHABLE_CODE = YES;
				CLANG_WARN__DUPLICATE_METHOD_MATCH = YES;
				"CODE_SIGN_IDENTITY[sdk=iphoneos*]" = "iPhone Developer";
				COPY_PHASE_STRIP = NO;
				DEBUG_INFORMATION_FORMAT = "dwarf-with-dsym";
				ENABLE_NS_ASSERTIONS = NO;
				ENABLE_STRICT_OBJC_MSGSEND = YES;
				GCC_C_LANGUAGE_STANDARD = gnu99;
				GCC_NO_COMMON_BLOCKS = YES;
				GCC_PRECOMPILE_PREFIX_HEADER = YES;
				GCC_PREFIX_HEADER = "$(SRCROOT)/Hackerspace/Hackerspace-Prefix.pch";
				GCC_WARN_64_TO_32_BIT_CONVERSION = YES;
				GCC_WARN_ABOUT_RETURN_TYPE = YES_ERROR;
				GCC_WARN_UNDECLARED_SELECTOR = YES;
				GCC_WARN_UNINITIALIZED_AUTOS = YES_AGGRESSIVE;
				GCC_WARN_UNUSED_FUNCTION = YES;
				GCC_WARN_UNUSED_VARIABLE = YES;
				IPHONEOS_DEPLOYMENT_TARGET = 9.3;
				MTL_ENABLE_DEBUG_INFO = NO;
				SDKROOT = iphoneos;
				TARGETED_DEVICE_FAMILY = "1,2";
				VALIDATE_PRODUCT = YES;
			};
			name = Release;
		};
		1D8C6A511D22163600BB5697 /* Debug */ = {
			isa = XCBuildConfiguration;
			baseConfigurationReference = E8F405E8BDD815BBA2366ADF /* Pods-Hackerspace.debug.xcconfig */;
			buildSettings = {
				ASSETCATALOG_COMPILER_APPICON_NAME = AppIcon;
				ASSETCATALOG_COMPILER_LAUNCHIMAGE_NAME = LaunchImage;
				CODE_SIGN_IDENTITY = "iPhone Developer";
				"CODE_SIGN_IDENTITY[sdk=iphoneos*]" = "iPhone Developer";
				INFOPLIST_FILE = Hackerspace/Info.plist;
				LD_RUNPATH_SEARCH_PATHS = "$(inherited) @executable_path/Frameworks";
				PRODUCT_BUNDLE_IDENTIFIER = kb.Hackerspace;
				PRODUCT_NAME = "$(TARGET_NAME)";
				PROVISIONING_PROFILE = "";
			};
			name = Debug;
		};
		1D8C6A521D22163600BB5697 /* Release */ = {
			isa = XCBuildConfiguration;
			baseConfigurationReference = 06FB89E7120AF1BA5DC73702 /* Pods-Hackerspace.release.xcconfig */;
			buildSettings = {
				ASSETCATALOG_COMPILER_APPICON_NAME = AppIcon;
				ASSETCATALOG_COMPILER_LAUNCHIMAGE_NAME = LaunchImage;
				CODE_SIGN_IDENTITY = "iPhone Developer";
				"CODE_SIGN_IDENTITY[sdk=iphoneos*]" = "iPhone Developer";
				INFOPLIST_FILE = Hackerspace/Info.plist;
				LD_RUNPATH_SEARCH_PATHS = "$(inherited) @executable_path/Frameworks";
				PRODUCT_BUNDLE_IDENTIFIER = kb.Hackerspace;
				PRODUCT_NAME = "$(TARGET_NAME)";
				PROVISIONING_PROFILE = "";
			};
			name = Release;
		};
		1D8C6A541D22163600BB5697 /* Debug */ = {
			isa = XCBuildConfiguration;
			buildSettings = {
				BUNDLE_LOADER = "$(TEST_HOST)";
				INFOPLIST_FILE = HackerspaceTests/Info.plist;
				LD_RUNPATH_SEARCH_PATHS = "$(inherited) @executable_path/Frameworks @loader_path/Frameworks";
				PRODUCT_BUNDLE_IDENTIFIER = kb.HackerspaceTests;
				PRODUCT_NAME = "$(TARGET_NAME)";
				TEST_HOST = "$(BUILT_PRODUCTS_DIR)/Hackerspace.app/Hackerspace";
			};
			name = Debug;
		};
		1D8C6A551D22163600BB5697 /* Release */ = {
			isa = XCBuildConfiguration;
			buildSettings = {
				BUNDLE_LOADER = "$(TEST_HOST)";
				INFOPLIST_FILE = HackerspaceTests/Info.plist;
				LD_RUNPATH_SEARCH_PATHS = "$(inherited) @executable_path/Frameworks @loader_path/Frameworks";
				PRODUCT_BUNDLE_IDENTIFIER = kb.HackerspaceTests;
				PRODUCT_NAME = "$(TARGET_NAME)";
				TEST_HOST = "$(BUILT_PRODUCTS_DIR)/Hackerspace.app/Hackerspace";
			};
			name = Release;
		};
		1D8C6A571D22163600BB5697 /* Debug */ = {
			isa = XCBuildConfiguration;
			buildSettings = {
				INFOPLIST_FILE = HackerspaceUITests/Info.plist;
				LD_RUNPATH_SEARCH_PATHS = "$(inherited) @executable_path/Frameworks @loader_path/Frameworks";
				PRODUCT_BUNDLE_IDENTIFIER = kb.HackerspaceUITests;
				PRODUCT_NAME = "$(TARGET_NAME)";
				TEST_TARGET_NAME = Hackerspace;
			};
			name = Debug;
		};
		1D8C6A581D22163600BB5697 /* Release */ = {
			isa = XCBuildConfiguration;
			buildSettings = {
				INFOPLIST_FILE = HackerspaceUITests/Info.plist;
				LD_RUNPATH_SEARCH_PATHS = "$(inherited) @executable_path/Frameworks @loader_path/Frameworks";
				PRODUCT_BUNDLE_IDENTIFIER = kb.HackerspaceUITests;
				PRODUCT_NAME = "$(TARGET_NAME)";
				TEST_TARGET_NAME = Hackerspace;
			};
			name = Release;
		};
/* End XCBuildConfiguration section */

/* Begin XCConfigurationList section */
		1D8C6A1E1D22163500BB5697 /* Build configuration list for PBXProject "Hackerspace" */ = {
			isa = XCConfigurationList;
			buildConfigurations = (
				1D8C6A4E1D22163600BB5697 /* Debug */,
				1D8C6A4F1D22163600BB5697 /* Release */,
			);
			defaultConfigurationIsVisible = 0;
			defaultConfigurationName = Release;
		};
		1D8C6A501D22163600BB5697 /* Build configuration list for PBXNativeTarget "Hackerspace" */ = {
			isa = XCConfigurationList;
			buildConfigurations = (
				1D8C6A511D22163600BB5697 /* Debug */,
				1D8C6A521D22163600BB5697 /* Release */,
			);
			defaultConfigurationIsVisible = 0;
			defaultConfigurationName = Release;
		};
		1D8C6A531D22163600BB5697 /* Build configuration list for PBXNativeTarget "HackerspaceTests" */ = {
			isa = XCConfigurationList;
			buildConfigurations = (
				1D8C6A541D22163600BB5697 /* Debug */,
				1D8C6A551D22163600BB5697 /* Release */,
			);
			defaultConfigurationIsVisible = 0;
			defaultConfigurationName = Release;
		};
		1D8C6A561D22163600BB5697 /* Build configuration list for PBXNativeTarget "HackerspaceUITests" */ = {
			isa = XCConfigurationList;
			buildConfigurations = (
				1D8C6A571D22163600BB5697 /* Debug */,
				1D8C6A581D22163600BB5697 /* Release */,
			);
			defaultConfigurationIsVisible = 0;
			defaultConfigurationName = Release;
		};
/* End XCConfigurationList section */
	};
	rootObject = 1D8C6A1B1D22163500BB5697 /* Project object */;
}
